
Microsoft Visual Studio Solution File, Format Version 12.00
# Visual Studio 2017
Project("{FAE04EC0-301F-11D3-BF4B-00C04F79EFBC}") = "NovelGameProject", "NovelGameProject.csproj", "{2765E361-0AA0-E35C-9D55-020E0AEBE290}"
EndProject
Global
	GlobalSection(SolutionConfigurationPlatforms) = preSolution
		Debug|Any CPU = Debug|Any CPU
		Release|Any CPU = Release|Any CPU
	EndGlobalSection
	GlobalSection(ProjectConfigurationPlatforms) = postSolution
		{2765E361-0AA0-E35C-9D55-020E0AEBE290}.Debug|Any CPU.ActiveCfg = Debug|Any CPU
		{2765E361-0AA0-E35C-9D55-020E0AEBE290}.Debug|Any CPU.Build.0 = Debug|Any CPU
		{2765E361-0AA0-E35C-9D55-020E0AEBE290}.Release|Any CPU.ActiveCfg = Release|Any CPU
		{2765E361-0AA0-E35C-9D55-020E0AEBE290}.Release|Any CPU.Build.0 = Release|Any CPU
	EndGlobalSection
	GlobalSection(SolutionProperties) = preSolution
		HideSolutionNode = FALSE
	EndGlobalSection
EndGlobal
